
Microsoft Visual Studio Solution File, Format Version 12.00
# Visual Studio Version 17
VisualStudioVersion = 17.13.35818.85 d17.13
MinimumVisualStudioVersion = 10.0.40219.1
Project("{8BC9CEB8-8B4A-11D0-8D11-00A0C91BC942}") = "九九乘法表", "九九乘法表\九九乘法表.vcxproj", "{E894DA43-6D41-4486-91B0-A27C8F4C9348}"
EndProject
Global
	GlobalSection(SolutionConfigurationPlatforms) = preSolution
		Debug|x64 = Debug|x64
		Debug|x86 = Debug|x86
		Release|x64 = Release|x64
		Release|x86 = Release|x86
	EndGlobalSection
	GlobalSection(ProjectConfigurationPlatforms) = postSolution
		{E894DA43-6D41-4486-91B0-A27C8F4C9348}.Debug|x64.ActiveCfg = Debug|x64
		{E894DA43-6D41-4486-91B0-A27C8F4C9348}.Debug|x64.Build.0 = Debug|x64
		{E894DA43-6D41-4486-91B0-A27C8F4C9348}.Debug|x86.ActiveCfg = Debug|Win32
		{E894DA43-6D41-4486-91B0-A27C8F4C9348}.Debug|x86.Build.0 = Debug|Win32
		{E894DA43-6D41-4486-91B0-A27C8F4C9348}.Release|x64.ActiveCfg = Release|x64
		{E894DA43-6D41-4486-91B0-A27C8F4C9348}.Release|x64.Build.0 = Release|x64
		{E894DA43-6D41-4486-91B0-A27C8F4C9348}.Release|x86.ActiveCfg = Release|Win32
		{E894DA43-6D41-4486-91B0-A27C8F4C9348}.Release|x86.Build.0 = Release|Win32
	EndGlobalSection
	GlobalSection(SolutionProperties) = preSolution
		HideSolutionNode = FALSE
	EndGlobalSection
	GlobalSection(ExtensibilityGlobals) = postSolution
		SolutionGuid = {7B333C0D-6DE6-44B3-BA38-771F86B0D865}
	EndGlobalSection
EndGlobal
